
Microsoft Visual Studio Solution File, Format Version 12.00
# Visual Studio Version 17
VisualStudioVersion = 17.10.35013.160
MinimumVisualStudioVersion = 10.0.40219.1
Project("{FAE04EC0-301F-11D3-BF4B-00C04F79EFBC}") = "EMS.Server", "EMS.Server\EMS.Server.csproj", "{94F6CA37-654D-4715-99DF-52DA56B77791}"
EndProject
Project("{54A90642-561A-4BB1-A94E-469ADEE60C69}") = "ems.client", "ems.client\ems.client.esproj", "{55683D13-CA5B-4110-A58D-BE59F6DDFA6B}"
EndProject
Global
	GlobalSection(SolutionConfigurationPlatforms) = preSolution
		Debug|Any CPU = Debug|Any CPU
		Release|Any CPU = Release|Any CPU
	EndGlobalSection
	GlobalSection(ProjectConfigurationPlatforms) = postSolution
		{94F6CA37-654D-4715-99DF-52DA56B77791}.Debug|Any CPU.ActiveCfg = Debug|Any CPU
		{94F6CA37-654D-4715-99DF-52DA56B77791}.Debug|Any CPU.Build.0 = Debug|Any CPU
		{94F6CA37-654D-4715-99DF-52DA56B77791}.Release|Any CPU.ActiveCfg = Release|Any CPU
		{94F6CA37-654D-4715-99DF-52DA56B77791}.Release|Any CPU.Build.0 = Release|Any CPU
		{55683D13-CA5B-4110-A58D-BE59F6DDFA6B}.Debug|Any CPU.ActiveCfg = Debug|Any CPU
		{55683D13-CA5B-4110-A58D-BE59F6DDFA6B}.Debug|Any CPU.Build.0 = Debug|Any CPU
		{55683D13-CA5B-4110-A58D-BE59F6DDFA6B}.Debug|Any CPU.Deploy.0 = Debug|Any CPU
		{55683D13-CA5B-4110-A58D-BE59F6DDFA6B}.Release|Any CPU.ActiveCfg = Release|Any CPU
		{55683D13-CA5B-4110-A58D-BE59F6DDFA6B}.Release|Any CPU.Build.0 = Release|Any CPU
		{55683D13-CA5B-4110-A58D-BE59F6DDFA6B}.Release|Any CPU.Deploy.0 = Release|Any CPU
	EndGlobalSection
	GlobalSection(SolutionProperties) = preSolution
		HideSolutionNode = FALSE
	EndGlobalSection
	GlobalSection(ExtensibilityGlobals) = postSolution
		SolutionGuid = {9053E4E9-8F46-4488-B1A8-75398E776B5D}
	EndGlobalSection
EndGlobal
